
Microsoft Visual Studio Solution File, Format Version 12.00
# Visual Studio Version 16
VisualStudioVersion = 16.0.29728.190
MinimumVisualStudioVersion = 10.0.40219.1
Project("{888888A0-9F3D-457C-B088-3A5042F75D52}") = "SmallBusinessFinder", "SmallBusinessFinder.pyproj", "{490E5093-E299-402C-94EE-8F0AEAB2B704}"
EndProject
Global
	GlobalSection(SolutionConfigurationPlatforms) = preSolution
		Debug|Any CPU = Debug|Any CPU
		Release|Any CPU = Release|Any CPU
	EndGlobalSection
	GlobalSection(ProjectConfigurationPlatforms) = postSolution
		{490E5093-E299-402C-94EE-8F0AEAB2B704}.Debug|Any CPU.ActiveCfg = Debug|Any CPU
		{490E5093-E299-402C-94EE-8F0AEAB2B704}.Debug|Any CPU.Build.0 = Debug|Any CPU
		{490E5093-E299-402C-94EE-8F0AEAB2B704}.Release|Any CPU.ActiveCfg = Release|Any CPU
		{490E5093-E299-402C-94EE-8F0AEAB2B704}.Release|Any CPU.Build.0 = Release|Any CPU
	EndGlobalSection
	GlobalSection(SolutionProperties) = preSolution
		HideSolutionNode = FALSE
	EndGlobalSection
	GlobalSection(ExtensibilityGlobals) = postSolution
		SolutionGuid = {B8925F18-A2B0-4385-AC37-D900FF786066}
	EndGlobalSection
EndGlobal
